// !$*UTF8*$!
{
	archiveVersion = 1;
	classes = {
	};
	objectVersion = 46;
	objects = {

/* Begin PBXBuildFile section */
		12B512171BC95D9F0031FF1E /* main.m in Sources */ = {isa = PBXBuildFile; fileRef = 12B512161BC95D9F0031FF1E /* main.m */; };
		12B5121A1BC95D9F0031FF1E /* AppDelegate.m in Sources */ = {isa = PBXBuildFile; fileRef = 12B512191BC95D9F0031FF1E /* AppDelegate.m */; };
		12B5121D1BC95D9F0031FF1E /* ViewController.m in Sources */ = {isa = PBXBuildFile; fileRef = 12B5121C1BC95D9F0031FF1E /* ViewController.m */; };
		12B512201BC95D9F0031FF1E /* Main.storyboard in Resources */ = {isa = PBXBuildFile; fileRef = 12B5121E1BC95D9F0031FF1E /* Main.storyboard */; };
		12B512221BC95D9F0031FF1E /* Assets.xcassets in Resources */ = {isa = PBXBuildFile; fileRef = 12B512211BC95D9F0031FF1E /* Assets.xcassets */; };
		12B512251BC95D9F0031FF1E /* LaunchScreen.storyboard in Resources */ = {isa = PBXBuildFile; fileRef = 12B512231BC95D9F0031FF1E /* LaunchScreen.storyboard */; };
		12B5122E1BC95EC90031FF1E /* BrandFactory.m in Sources */ = {isa = PBXBuildFile; fileRef = 12B5122D1BC95EC90031FF1E /* BrandFactory.m */; settings = {ASSET_TAGS = (); }; };
		12B512311BC95FA40031FF1E /* AppleBrandFactory.m in Sources */ = {isa = PBXBuildFile; fileRef = 12B512301BC95FA40031FF1E /* AppleBrandFactory.m */; settings = {ASSET_TAGS = (); }; };
		12B512341BC95FEE0031FF1E /* GoogleBrandFactory.m in Sources */ = {isa = PBXBuildFile; fileRef = 12B512331BC95FEE0031FF1E /* GoogleBrandFactory.m */; settings = {ASSET_TAGS = (); }; };
/* End PBXBuildFile section */

/* Begin PBXFileReference section */
		12B512121BC95D9F0031FF1E /* AbstractFactoryPatternSample.app */ = {isa = PBXFileReference; explicitFileType = wrapper.application; includeInIndex = 0; path = AbstractFactoryPatternSample.app; sourceTree = BUILT_PRODUCTS_DIR; };
		12B512161BC95D9F0031FF1E /* main.m */ = {isa = PBXFileReference; lastKnownFileType = sourcecode.c.objc; path = main.m; sourceTree = "<group>"; };
		12B512181BC95D9F0031FF1E /* AppDelegate.h */ = {isa = PBXFileReference; lastKnownFileType = sourcecode.c.h; path = AppDelegate.h; sourceTree = "<group>"; };
		12B512191BC95D9F0031FF1E /* AppDelegate.m */ = {isa = PBXFileReference; lastKnownFileType = sourcecode.c.objc; path = AppDelegate.m; sourceTree = "<group>"; };
		12B5121B1BC95D9F0031FF1E /* ViewController.h */ = {isa = PBXFileReference; lastKnownFileType = sourcecode.c.h; path = ViewController.h; sourceTree = "<group>"; };
		12B5121C1BC95D9F0031FF1E /* ViewController.m */ = {isa = PBXFileReference; lastKnownFileType = sourcecode.c.objc; path = ViewController.m; sourceTree = "<group>"; };
		12B5121F1BC95D9F0031FF1E /* Base */ = {isa = PBXFileReference; lastKnownFileType = file.storyboard; name = Base; path = Base.lproj/Main.storyboard; sourceTree = "<group>"; };
		12B512211BC95D9F0031FF1E /* Assets.xcassets */ = {isa = PBXFileReference; lastKnownFileType = folder.assetcatalog; path = Assets.xcassets; sourceTree = "<group>"; };
		12B512241BC95D9F0031FF1E /* Base */ = {isa = PBXFileReference; lastKnownFileType = file.storyboard; name = Base; path = Base.lproj/LaunchScreen.storyboard; sourceTree = "<group>"; };
		12B512261BC95D9F0031FF1E /* Info.plist */ = {isa = PBXFileReference; lastKnownFileType = text.plist.xml; path = Info.plist; sourceTree = "<group>"; };
		12B5122C1BC95EC90031FF1E /* BrandFactory.h */ = {isa = PBXFileReference; fileEncoding = 4; lastKnownFileType = sourcecode.c.h; path = BrandFactory.h; sourceTree = "<group>"; };
		12B5122D1BC95EC90031FF1E /* BrandFactory.m */ = {isa = PBXFileReference; fileEncoding = 4; lastKnownFileType = sourcecode.c.objc; path = BrandFactory.m; sourceTree = "<group>"; };
		12B5122F1BC95FA40031FF1E /* AppleBrandFactory.h */ = {isa = PBXFileReference; fileEncoding = 4; lastKnownFileType = sourcecode.c.h; path = AppleBrandFactory.h; sourceTree = "<group>"; };
		12B512301BC95FA40031FF1E /* AppleBrandFactory.m */ = {isa = PBXFileReference; fileEncoding = 4; lastKnownFileType = sourcecode.c.objc; path = AppleBrandFactory.m; sourceTree = "<group>"; };
		12B512321BC95FEE0031FF1E /* GoogleBrandFactory.h */ = {isa = PBXFileReference; fileEncoding = 4; lastKnownFileType = sourcecode.c.h; path = GoogleBrandFactory.h; sourceTree = "<group>"; };
		12B512331BC95FEE0031FF1E /* GoogleBrandFactory.m */ = {isa = PBXFileReference; fileEncoding = 4; lastKnownFileType = sourcecode.c.objc; path = GoogleBrandFactory.m; sourceTree = "<group>"; };
/* End PBXFileReference section */

/* Begin PBXFrameworksBuildPhase section */
		12B5120F1BC95D9F0031FF1E /* Frameworks */ = {
			isa = PBXFrameworksBuildPhase;
			buildActionMask = 2147483647;
			files = (
			);
			runOnlyForDeploymentPostprocessing = 0;
		};
/* End PBXFrameworksBuildPhase section */

/* Begin PBXGroup section */
		12B512091BC95D9F0031FF1E = {
			isa = PBXGroup;
			children = (
				12B512141BC95D9F0031FF1E /* AbstractFactoryPatternSample */,
				12B512131BC95D9F0031FF1E /* Products */,
			);
			sourceTree = "<group>";
		};
		12B512131BC95D9F0031FF1E /* Products */ = {
			isa = PBXGroup;
			children = (
				12B512121BC95D9F0031FF1E /* AbstractFactoryPatternSample.app */,
			);
			name = Products;
			sourceTree = "<group>";
		};
		12B512141BC95D9F0031FF1E /* AbstractFactoryPatternSample */ = {
			isa = PBXGroup;
			children = (
				12B512181BC95D9F0031FF1E /* AppDelegate.h */,
				12B512191BC95D9F0031FF1E /* AppDelegate.m */,
				12B5121B1BC95D9F0031FF1E /* ViewController.h */,
				12B5121C1BC95D9F0031FF1E /* ViewController.m */,
				12B5122C1BC95EC90031FF1E /* BrandFactory.h */,
				12B5122D1BC95EC90031FF1E /* BrandFactory.m */,
				12B5122F1BC95FA40031FF1E /* AppleBrandFactory.h */,
				12B512301BC95FA40031FF1E /* AppleBrandFactory.m */,
				12B512321BC95FEE0031FF1E /* GoogleBrandFactory.h */,
				12B512331BC95FEE0031FF1E /* GoogleBrandFactory.m */,
				12B5121E1BC95D9F0031FF1E /* Main.storyboard */,
				12B512211BC95D9F0031FF1E /* Assets.xcassets */,
				12B512231BC95D9F0031FF1E /* LaunchScreen.storyboard */,
				12B512261BC95D9F0031FF1E /* Info.plist */,
				12B512151BC95D9F0031FF1E /* Supporting Files */,
			);
			path = AbstractFactoryPatternSample;
			sourceTree = "<group>";
		};
		12B512151BC95D9F0031FF1E /* Supporting Files */ = {
			isa = PBXGroup;
			children = (
				12B512161BC95D9F0031FF1E /* main.m */,
			);
			name = "Supporting Files";
			sourceTree = "<group>";
		};
/* End PBXGroup section */

/* Begin PBXNativeTarget section */
		12B512111BC95D9F0031FF1E /* AbstractFactoryPatternSample */ = {
			isa = PBXNativeTarget;
			buildConfigurationList = 12B512291BC95D9F0031FF1E /* Build configuration list for PBXNativeTarget "AbstractFactoryPatternSample" */;
			buildPhases = (
				12B5120E1BC95D9F0031FF1E /* Sources */,
				12B5120F1BC95D9F0031FF1E /* Frameworks */,
				12B512101BC95D9F0031FF1E /* Resources */,
			);
			buildRules = (
			);
			dependencies = (
			);
			name = AbstractFactoryPatternSample;
			productName = AbstractFactoryPatternSample;
			productReference = 12B512121BC95D9F0031FF1E /* AbstractFactoryPatternSample.app */;
			productType = "com.apple.product-type.application";
		};
/* End PBXNativeTarget section */

/* Begin PBXProject section */
		12B5120A1BC95D9F0031FF1E /* Project object */ = {
			isa = PBXProject;
			attributes = {
				LastUpgradeCheck = 0700;
				ORGANIZATIONNAME = lance;
				TargetAttributes = {
					12B512111BC95D9F0031FF1E = {
						CreatedOnToolsVersion = 7.0;
					};
				};
			};
			buildConfigurationList = 12B5120D1BC95D9F0031FF1E /* Build configuration list for PBXProject "AbstractFactoryPatternSample" */;
			compatibilityVersion = "Xcode 3.2";
			developmentRegion = English;
			hasScannedForEncodings = 0;
			knownRegions = (
				en,
				Base,
			);
			mainGroup = 12B512091BC95D9F0031FF1E;
			productRefGroup = 12B512131BC95D9F0031FF1E /* Products */;
			projectDirPath = "";
			projectRoot = "";
			targets = (
				12B512111BC95D9F0031FF1E /* AbstractFactoryPatternSample */,
			);
		};
/* End PBXProject section */

/* Begin PBXResourcesBuildPhase section */
		12B512101BC95D9F0031FF1E /* Resources */ = {
			isa = PBXResourcesBuildPhase;
			buildActionMask = 2147483647;
			files = (
				12B512251BC95D9F0031FF1E /* LaunchScreen.storyboard in Resources */,
				12B512221BC95D9F0031FF1E /* Assets.xcassets in Resources */,
				12B512201BC95D9F0031FF1E /* Main.storyboard in Resources */,
			);
			runOnlyForDeploymentPostprocessing = 0;
		};
/* End PBXResourcesBuildPhase section */

/* Begin PBXSourcesBuildPhase section */
		12B5120E1BC95D9F0031FF1E /* Sources */ = {
			isa = PBXSourcesBuildPhase;
			buildActionMask = 2147483647;
			files = (
				12B5122E1BC95EC90031FF1E /* BrandFactory.m in Sources */,
				12B512341BC95FEE0031FF1E /* GoogleBrandFactory.m in Sources */,
				12B512311BC95FA40031FF1E /* AppleBrandFactory.m in Sources */,
				12B5121D1BC95D9F0031FF1E /* ViewController.m in Sources */,
				12B5121A1BC95D9F0031FF1E /* AppDelegate.m in Sources */,
				12B512171BC95D9F0031FF1E /* main.m in Sources */,
			);
			runOnlyForDeploymentPostprocessing = 0;
		};
/* End PBXSourcesBuildPhase section */

/* Begin PBXVariantGroup section */
		12B5121E1BC95D9F0031FF1E /* Main.storyboard */ = {
			isa = PBXVariantGroup;
			children = (
				12B5121F1BC95D9F0031FF1E /* Base */,
			);
			name = Main.storyboard;
			sourceTree = "<group>";
		};
		12B512231BC95D9F0031FF1E /* LaunchScreen.storyboard */ = {
			isa = PBXVariantGroup;
			children = (
				12B512241BC95D9F0031FF1E /* Base */,
			);
			name = LaunchScreen.storyboard;
			sourceTree = "<group>";
		};
/* End PBXVariantGroup section */

/* Begin XCBuildConfiguration section */
		12B512271BC95D9F0031FF1E /* Debug */ = {
			isa = XCBuildConfiguration;
			buildSettings = {
				ALWAYS_SEARCH_USER_PATHS = NO;
				CLANG_CXX_LANGUAGE_STANDARD = "gnu++0x";
				CLANG_CXX_LIBRARY = "libc++";
				CLANG_ENABLE_MODULES = YES;
				CLANG_ENABLE_OBJC_ARC = YES;
				CLANG_WARN_BOOL_CONVERSION = YES;
				CLANG_WARN_CONSTANT_CONVERSION = YES;
				CLANG_WARN_DIRECT_OBJC_ISA_USAGE = YES_ERROR;
				CLANG_WARN_EMPTY_BODY = YES;
				CLANG_WARN_ENUM_CONVERSION = YES;
				CLANG_WARN_INT_CONVERSION = YES;
				CLANG_WARN_OBJC_ROOT_CLASS = YES_ERROR;
				CLANG_WARN_UNREACHABLE_CODE = YES;
				CLANG_WARN__DUPLICATE_METHOD_MATCH = YES;
				"CODE_SIGN_IDENTITY[sdk=iphoneos*]" = "iPhone Developer";
				COPY_PHASE_STRIP = NO;
				DEBUG_INFORMATION_FORMAT = dwarf;
				ENABLE_STRICT_OBJC_MSGSEND = YES;
				ENABLE_TESTABILITY = YES;
				GCC_C_LANGUAGE_STANDARD = gnu99;
				GCC_DYNAMIC_NO_PIC = NO;
				GCC_NO_COMMON_BLOCKS = YES;
				GCC_OPTIMIZATION_LEVEL = 0;
				GCC_PREPROCESSOR_DEFINITIONS = (
					"DEBUG=1",
					"$(inherited)",
				);
				GCC_WARN_64_TO_32_BIT_CONVERSION = YES;
				GCC_WARN_ABOUT_RETURN_TYPE = YES_ERROR;
				GCC_WARN_UNDECLARED_SELECTOR = YES;
				GCC_WARN_UNINITIALIZED_AUTOS = YES_AGGRESSIVE;
				GCC_WARN_UNUSED_FUNCTION = YES;
				GCC_WARN_UNUSED_VARIABLE = YES;
				IPHONEOS_DEPLOYMENT_TARGET = 9.0;
				MTL_ENABLE_DEBUG_INFO = YES;
				ONLY_ACTIVE_ARCH = YES;
				SDKROOT = iphoneos;
				TARGETED_DEVICE_FAMILY = "1,2";
			};
			name = Debug;
		};
		12B512281BC95D9F0031FF1E /* Release */ = {
			isa = XCBuildConfiguration;
			buildSettings = {
				ALWAYS_SEARCH_USER_PATHS = NO;
				CLANG_CXX_LANGUAGE_STANDARD = "gnu++0x";
				CLANG_CXX_LIBRARY = "libc++";
				CLANG_ENABLE_MODULES = YES;
				CLANG_ENABLE_OBJC_ARC = YES;
				CLANG_WARN_BOOL_CONVERSION = YES;
				CLANG_WARN_CONSTANT_CONVERSION = YES;
				CLANG_WARN_DIRECT_OBJC_ISA_USAGE = YES_ERROR;
				CLANG_WARN_EMPTY_BODY = YES;
				CLANG_WARN_ENUM_CONVERSION = YES;
				CLANG_WARN_INT_CONVERSION = YES;
				CLANG_WARN_OBJC_ROOT_CLASS = YES_ERROR;
				CLANG_WARN_UNREACHABLE_CODE = YES;
				CLANG_WARN__DUPLICATE_METHOD_MATCH = YES;
				"CODE_SIGN_IDENTITY[sdk=iphoneos*]" = "iPhone Developer";
				COPY_PHASE_STRIP = NO;
				DEBUG_INFORMATION_FORMAT = "dwarf-with-dsym";
				ENABLE_NS_ASSERTIONS = NO;
				ENABLE_STRICT_OBJC_MSGSEND = YES;
				GCC_C_LANGUAGE_STANDARD = gnu99;
				GCC_NO_COMMON_BLOCKS = YES;
				GCC_WARN_64_TO_32_BIT_CONVERSION = YES;
				GCC_WARN_ABOUT_RETURN_TYPE = YES_ERROR;
				GCC_WARN_UNDECLARED_SELECTOR = YES;
				GCC_WARN_UNINITIALIZED_AUTOS = YES_AGGRESSIVE;
				GCC_WARN_UNUSED_FUNCTION = YES;
				GCC_WARN_UNUSED_VARIABLE = YES;
				IPHONEOS_DEPLOYMENT_TARGET = 9.0;
				MTL_ENABLE_DEBUG_INFO = NO;
				SDKROOT = iphoneos;
				TARGETED_DEVICE_FAMILY = "1,2";
				VALIDATE_PRODUCT = YES;
			};
			name = Release;
		};
		12B5122A1BC95D9F0031FF1E /* Debug */ = {
			isa = XCBuildConfiguration;
			buildSettings = {
				ASSETCATALOG_COMPILER_APPICON_NAME = AppIcon;
				INFOPLIST_FILE = AbstractFactoryPatternSample/Info.plist;
				LD_RUNPATH_SEARCH_PATHS = "$(inherited) @executable_path/Frameworks";
				PRODUCT_BUNDLE_IDENTIFIER = com.lance.AbstractFactoryPatternSample;
				PRODUCT_NAME = "$(TARGET_NAME)";
			};
			name = Debug;
		};
		12B5122B1BC95D9F0031FF1E /* Release */ = {
			isa = XCBuildConfiguration;
			buildSettings = {
				ASSETCATALOG_COMPILER_APPICON_NAME = AppIcon;
				INFOPLIST_FILE = AbstractFactoryPatternSample/Info.plist;
				LD_RUNPATH_SEARCH_PATHS = "$(inherited) @executable_path/Frameworks";
				PRODUCT_BUNDLE_IDENTIFIER = com.lance.AbstractFactoryPatternSample;
				PRODUCT_NAME = "$(TARGET_NAME)";
			};
			name = Release;
		};
/* End XCBuildConfiguration section */

/* Begin XCConfigurationList section */
		12B5120D1BC95D9F0031FF1E /* Build configuration list for PBXProject "AbstractFactoryPatternSample" */ = {
			isa = XCConfigurationList;
			buildConfigurations = (
				12B512271BC95D9F0031FF1E /* Debug */,
				12B512281BC95D9F0031FF1E /* Release */,
			);
			defaultConfigurationIsVisible = 0;
			defaultConfigurationName = Release;
		};
		12B512291BC95D9F0031FF1E /* Build configuration list for PBXNativeTarget "AbstractFactoryPatternSample" */ = {
			isa = XCConfigurationList;
			buildConfigurations = (
				12B5122A1BC95D9F0031FF1E /* Debug */,
				12B5122B1BC95D9F0031FF1E /* Release */,
			);
			defaultConfigurationIsVisible = 0;
		};
/* End XCConfigurationList section */
	};
	rootObject = 12B5120A1BC95D9F0031FF1E /* Project object */;
}
